// !$*UTF8*$!
{
	archiveVersion = 1;
	classes = {
	};
	objectVersion = 50;
	objects = {

/* Begin PBXBuildFile section */
		023384B6259EE7B7001727B0 /* CircleImage.swift in Sources */ = {isa = PBXBuildFile; fileRef = 023384B5259EE7B7001727B0 /* CircleImage.swift */; };
		023384B8259EE943001727B0 /* MapView.swift in Sources */ = {isa = PBXBuildFile; fileRef = 023384B7259EE943001727B0 /* MapView.swift */; };
		023384BA259EF5FE001727B0 /* landmarkData.json in Resources */ = {isa = PBXBuildFile; fileRef = 023384B9259EF5FE001727B0 /* landmarkData.json */; };
		023384BC259EF635001727B0 /* Landmark.swift in Sources */ = {isa = PBXBuildFile; fileRef = 023384BB259EF635001727B0 /* Landmark.swift */; };
		02415CD8259EF8F700A1B352 /* ModelData.swift in Sources */ = {isa = PBXBuildFile; fileRef = 02415CD7259EF8F700A1B352 /* ModelData.swift */; };
		02415CDD259F0FD000A1B352 /* LandmarkRow.swift in Sources */ = {isa = PBXBuildFile; fileRef = 02415CDC259F0FD000A1B352 /* LandmarkRow.swift */; };
		024FC65125A048170070AA34 /* FavoriteButton.swift in Sources */ = {isa = PBXBuildFile; fileRef = 024FC65025A048170070AA34 /* FavoriteButton.swift */; };
		024FC65525A056B30070AA34 /* HexagonParameters.swift in Sources */ = {isa = PBXBuildFile; fileRef = 024FC65425A056B30070AA34 /* HexagonParameters.swift */; };
		024FC65725A058C20070AA34 /* BadgeBackground.swift in Sources */ = {isa = PBXBuildFile; fileRef = 024FC65625A058C20070AA34 /* BadgeBackground.swift */; };
		024FC65925A066B70070AA34 /* BadgeSymbol.swift in Sources */ = {isa = PBXBuildFile; fileRef = 024FC65825A066B70070AA34 /* BadgeSymbol.swift */; };
		024FC65B25A068C00070AA34 /* RotatedBadgeSymbol.swift in Sources */ = {isa = PBXBuildFile; fileRef = 024FC65A25A068C00070AA34 /* RotatedBadgeSymbol.swift */; };
		024FC65D25A06AA70070AA34 /* Badge.swift in Sources */ = {isa = PBXBuildFile; fileRef = 024FC65C25A06AA70070AA34 /* Badge.swift */; };
		02979064246A211300603120 /* AppDelegate.swift in Sources */ = {isa = PBXBuildFile; fileRef = 02979063246A211300603120 /* AppDelegate.swift */; };
		02979066246A211300603120 /* SceneDelegate.swift in Sources */ = {isa = PBXBuildFile; fileRef = 02979065246A211300603120 /* SceneDelegate.swift */; };
		02979068246A211300603120 /* ContentView.swift in Sources */ = {isa = PBXBuildFile; fileRef = 02979067246A211300603120 /* ContentView.swift */; };
		0297906A246A211700603120 /* Assets.xcassets in Resources */ = {isa = PBXBuildFile; fileRef = 02979069246A211700603120 /* Assets.xcassets */; };
		0297906D246A211700603120 /* Preview Assets.xcassets in Resources */ = {isa = PBXBuildFile; fileRef = 0297906C246A211700603120 /* Preview Assets.xcassets */; };
		02979070246A211700603120 /* LaunchScreen.storyboard in Resources */ = {isa = PBXBuildFile; fileRef = 0297906E246A211700603120 /* LaunchScreen.storyboard */; };
		0297907B246A211700603120 /* LandmarksUITests.swift in Sources */ = {isa = PBXBuildFile; fileRef = 0297907A246A211700603120 /* LandmarksUITests.swift */; };
		02C4F66D259F151B0081DBE6 /* LandmarkList.swift in Sources */ = {isa = PBXBuildFile; fileRef = 02C4F66C259F151B0081DBE6 /* LandmarkList.swift */; };
		02C4F66F259F18DF0081DBE6 /* LandmarkDetail.swift in Sources */ = {isa = PBXBuildFile; fileRef = 02C4F66E259F18DF0081DBE6 /* LandmarkDetail.swift */; };
		02E9C73825A6D742002194AB /* hikeData.json in Resources */ = {isa = PBXBuildFile; fileRef = 02E9C73725A6D742002194AB /* hikeData.json */; };
		02E9C73A25A6D77D002194AB /* Hike.swift in Sources */ = {isa = PBXBuildFile; fileRef = 02E9C73925A6D77D002194AB /* Hike.swift */; };
		02E9C74025A6D918002194AB /* GraphCapsule.swift in Sources */ = {isa = PBXBuildFile; fileRef = 02E9C73C25A6D917002194AB /* GraphCapsule.swift */; };
		02E9C74125A6D918002194AB /* HikeGraph.swift in Sources */ = {isa = PBXBuildFile; fileRef = 02E9C73D25A6D917002194AB /* HikeGraph.swift */; };
		02E9C74225A6D918002194AB /* HikeDetail.swift in Sources */ = {isa = PBXBuildFile; fileRef = 02E9C73E25A6D917002194AB /* HikeDetail.swift */; };
		02E9C74325A6D918002194AB /* HikeView.swift in Sources */ = {isa = PBXBuildFile; fileRef = 02E9C73F25A6D917002194AB /* HikeView.swift */; };
		02E9C74625A6F528002194AB /* CategoryHome.swift in Sources */ = {isa = PBXBuildFile; fileRef = 02E9C74525A6F528002194AB /* CategoryHome.swift */; };
		02E9C74825A6FBAE002194AB /* CategoryRow.swift in Sources */ = {isa = PBXBuildFile; fileRef = 02E9C74725A6FBAE002194AB /* CategoryRow.swift */; };
		02E9C74A25A701C0002194AB /* CategoryItem.swift in Sources */ = {isa = PBXBuildFile; fileRef = 02E9C74925A701C0002194AB /* CategoryItem.swift */; };
		02E9C74C25A73D57002194AB /* Profile.swift in Sources */ = {isa = PBXBuildFile; fileRef = 02E9C74B25A73D57002194AB /* Profile.swift */; };
		02E9C74F25A73F79002194AB /* ProfileHost.swift in Sources */ = {isa = PBXBuildFile; fileRef = 02E9C74E25A73F79002194AB /* ProfileHost.swift */; };
		02E9C75125A74093002194AB /* ProfileSummary.swift in Sources */ = {isa = PBXBuildFile; fileRef = 02E9C75025A74093002194AB /* ProfileSummary.swift */; };
		02E9C75325A747BA002194AB /* HikeBadge.swift in Sources */ = {isa = PBXBuildFile; fileRef = 02E9C75225A747BA002194AB /* HikeBadge.swift */; };
		02E9C75525A804FA002194AB /* ProfileEditor.swift in Sources */ = {isa = PBXBuildFile; fileRef = 02E9C75425A804FA002194AB /* ProfileEditor.swift */; };
		02E9C75825A829D2002194AB /* PageViewController.swift in Sources */ = {isa = PBXBuildFile; fileRef = 02E9C75725A829D2002194AB /* PageViewController.swift */; };
		02E9C75A25A83123002194AB /* FeatureCard.swift in Sources */ = {isa = PBXBuildFile; fileRef = 02E9C75925A83123002194AB /* FeatureCard.swift */; };
		02E9C75C25A842ED002194AB /* PageView.swift in Sources */ = {isa = PBXBuildFile; fileRef = 02E9C75B25A842ED002194AB /* PageView.swift */; };
		02E9C75E25A854A0002194AB /* PageControl.swift in Sources */ = {isa = PBXBuildFile; fileRef = 02E9C75D25A854A0002194AB /* PageControl.swift */; };
/* End PBXBuildFile section */

/* Begin PBXContainerItemProxy section */
		02979077246A211700603120 /* PBXContainerItemProxy */ = {
			isa = PBXContainerItemProxy;
			containerPortal = 02979058246A211300603120 /* Project object */;
			proxyType = 1;
			remoteGlobalIDString = 0297905F246A211300603120;
			remoteInfo = Landmarks;
		};
/* End PBXContainerItemProxy section */

/* Begin PBXCopyFilesBuildPhase section */
		02E9C78D25A99133002194AB /* Embed Watch Content */ = {
			isa = PBXCopyFilesBuildPhase;
			buildActionMask = 2147483647;
			dstPath = "$(CONTENTS_FOLDER_PATH)/Watch";
			dstSubfolderSpec = 16;
			files = (
			);
			name = "Embed Watch Content";
			runOnlyForDeploymentPostprocessing = 0;
		};
/* End PBXCopyFilesBuildPhase section */

/* Begin PBXFileReference section */
		023384B5259EE7B7001727B0 /* CircleImage.swift */ = {isa = PBXFileReference; lastKnownFileType = sourcecode.swift; path = CircleImage.swift; sourceTree = "<group>"; };
		023384B7259EE943001727B0 /* MapView.swift */ = {isa = PBXFileReference; lastKnownFileType = sourcecode.swift; path = MapView.swift; sourceTree = "<group>"; };
		023384B9259EF5FE001727B0 /* landmarkData.json */ = {isa = PBXFileReference; fileEncoding = 4; lastKnownFileType = text.json; path = landmarkData.json; sourceTree = "<group>"; };
		023384BB259EF635001727B0 /* Landmark.swift */ = {isa = PBXFileReference; lastKnownFileType = sourcecode.swift; path = Landmark.swift; sourceTree = "<group>"; };
		02415CD7259EF8F700A1B352 /* ModelData.swift */ = {isa = PBXFileReference; lastKnownFileType = sourcecode.swift; path = ModelData.swift; sourceTree = "<group>"; };
		02415CDC259F0FD000A1B352 /* LandmarkRow.swift */ = {isa = PBXFileReference; lastKnownFileType = sourcecode.swift; path = LandmarkRow.swift; sourceTree = "<group>"; };
		024FC65025A048170070AA34 /* FavoriteButton.swift */ = {isa = PBXFileReference; lastKnownFileType = sourcecode.swift; path = FavoriteButton.swift; sourceTree = "<group>"; };
		024FC65425A056B30070AA34 /* HexagonParameters.swift */ = {isa = PBXFileReference; lastKnownFileType = sourcecode.swift; path = HexagonParameters.swift; sourceTree = "<group>"; };
		024FC65625A058C20070AA34 /* BadgeBackground.swift */ = {isa = PBXFileReference; lastKnownFileType = sourcecode.swift; path = BadgeBackground.swift; sourceTree = "<group>"; };
		024FC65825A066B70070AA34 /* BadgeSymbol.swift */ = {isa = PBXFileReference; lastKnownFileType = sourcecode.swift; path = BadgeSymbol.swift; sourceTree = "<group>"; };
		024FC65A25A068C00070AA34 /* RotatedBadgeSymbol.swift */ = {isa = PBXFileReference; lastKnownFileType = sourcecode.swift; path = RotatedBadgeSymbol.swift; sourceTree = "<group>"; };
		024FC65C25A06AA70070AA34 /* Badge.swift */ = {isa = PBXFileReference; lastKnownFileType = sourcecode.swift; path = Badge.swift; sourceTree = "<group>"; };
		02979060246A211300603120 /* Landmarks.app */ = {isa = PBXFileReference; explicitFileType = wrapper.application; includeInIndex = 0; path = Landmarks.app; sourceTree = BUILT_PRODUCTS_DIR; };
		02979063246A211300603120 /* AppDelegate.swift */ = {isa = PBXFileReference; lastKnownFileType = sourcecode.swift; path = AppDelegate.swift; sourceTree = "<group>"; };
		02979065246A211300603120 /* SceneDelegate.swift */ = {isa = PBXFileReference; lastKnownFileType = sourcecode.swift; path = SceneDelegate.swift; sourceTree = "<group>"; };
		02979067246A211300603120 /* ContentView.swift */ = {isa = PBXFileReference; lastKnownFileType = sourcecode.swift; path = ContentView.swift; sourceTree = "<group>"; };
		02979069246A211700603120 /* Assets.xcassets */ = {isa = PBXFileReference; lastKnownFileType = folder.assetcatalog; path = Assets.xcassets; sourceTree = "<group>"; };
		0297906C246A211700603120 /* Preview Assets.xcassets */ = {isa = PBXFileReference; lastKnownFileType = folder.assetcatalog; path = "Preview Assets.xcassets"; sourceTree = "<group>"; };
		0297906F246A211700603120 /* Base */ = {isa = PBXFileReference; lastKnownFileType = file.storyboard; name = Base; path = Base.lproj/LaunchScreen.storyboard; sourceTree = "<group>"; };
		02979071246A211700603120 /* Info.plist */ = {isa = PBXFileReference; lastKnownFileType = text.plist.xml; path = Info.plist; sourceTree = "<group>"; };
		02979076246A211700603120 /* LandmarksUITests.xctest */ = {isa = PBXFileReference; explicitFileType = wrapper.cfbundle; includeInIndex = 0; path = LandmarksUITests.xctest; sourceTree = BUILT_PRODUCTS_DIR; };
		0297907A246A211700603120 /* LandmarksUITests.swift */ = {isa = PBXFileReference; lastKnownFileType = sourcecode.swift; path = LandmarksUITests.swift; sourceTree = "<group>"; };
		0297907C246A211700603120 /* Info.plist */ = {isa = PBXFileReference; lastKnownFileType = text.plist.xml; path = Info.plist; sourceTree = "<group>"; };
		02C4F66C259F151B0081DBE6 /* LandmarkList.swift */ = {isa = PBXFileReference; lastKnownFileType = sourcecode.swift; path = LandmarkList.swift; sourceTree = "<group>"; };
		02C4F66E259F18DF0081DBE6 /* LandmarkDetail.swift */ = {isa = PBXFileReference; lastKnownFileType = sourcecode.swift; path = LandmarkDetail.swift; sourceTree = "<group>"; };
		02E9C73725A6D742002194AB /* hikeData.json */ = {isa = PBXFileReference; fileEncoding = 4; lastKnownFileType = text.json; path = hikeData.json; sourceTree = "<group>"; };
		02E9C73925A6D77D002194AB /* Hike.swift */ = {isa = PBXFileReference; lastKnownFileType = sourcecode.swift; path = Hike.swift; sourceTree = "<group>"; };
		02E9C73C25A6D917002194AB /* GraphCapsule.swift */ = {isa = PBXFileReference; fileEncoding = 4; lastKnownFileType = sourcecode.swift; path = GraphCapsule.swift; sourceTree = "<group>"; };
		02E9C73D25A6D917002194AB /* HikeGraph.swift */ = {isa = PBXFileReference; fileEncoding = 4; lastKnownFileType = sourcecode.swift; path = HikeGraph.swift; sourceTree = "<group>"; };
		02E9C73E25A6D917002194AB /* HikeDetail.swift */ = {isa = PBXFileReference; fileEncoding = 4; lastKnownFileType = sourcecode.swift; path = HikeDetail.swift; sourceTree = "<group>"; };
		02E9C73F25A6D917002194AB /* HikeView.swift */ = {isa = PBXFileReference; fileEncoding = 4; lastKnownFileType = sourcecode.swift; path = HikeView.swift; sourceTree = "<group>"; };
		02E9C74525A6F528002194AB /* CategoryHome.swift */ = {isa = PBXFileReference; lastKnownFileType = sourcecode.swift; path = CategoryHome.swift; sourceTree = "<group>"; };
		02E9C74725A6FBAE002194AB /* CategoryRow.swift */ = {isa = PBXFileReference; lastKnownFileType = sourcecode.swift; path = CategoryRow.swift; sourceTree = "<group>"; };
		02E9C74925A701C0002194AB /* CategoryItem.swift */ = {isa = PBXFileReference; lastKnownFileType = sourcecode.swift; path = CategoryItem.swift; sourceTree = "<group>"; };
		02E9C74B25A73D57002194AB /* Profile.swift */ = {isa = PBXFileReference; lastKnownFileType = sourcecode.swift; path = Profile.swift; sourceTree = "<group>"; };
		02E9C74E25A73F79002194AB /* ProfileHost.swift */ = {isa = PBXFileReference; lastKnownFileType = sourcecode.swift; path = ProfileHost.swift; sourceTree = "<group>"; };
		02E9C75025A74093002194AB /* ProfileSummary.swift */ = {isa = PBXFileReference; lastKnownFileType = sourcecode.swift; path = ProfileSummary.swift; sourceTree = "<group>"; };
		02E9C75225A747BA002194AB /* HikeBadge.swift */ = {isa = PBXFileReference; lastKnownFileType = sourcecode.swift; path = HikeBadge.swift; sourceTree = "<group>"; };
		02E9C75425A804FA002194AB /* ProfileEditor.swift */ = {isa = PBXFileReference; lastKnownFileType = sourcecode.swift; path = ProfileEditor.swift; sourceTree = "<group>"; };
		02E9C75725A829D2002194AB /* PageViewController.swift */ = {isa = PBXFileReference; lastKnownFileType = sourcecode.swift; path = PageViewController.swift; sourceTree = "<group>"; };
		02E9C75925A83123002194AB /* FeatureCard.swift */ = {isa = PBXFileReference; lastKnownFileType = sourcecode.swift; path = FeatureCard.swift; sourceTree = "<group>"; };
		02E9C75B25A842ED002194AB /* PageView.swift */ = {isa = PBXFileReference; lastKnownFileType = sourcecode.swift; path = PageView.swift; sourceTree = "<group>"; };
		02E9C75D25A854A0002194AB /* PageControl.swift */ = {isa = PBXFileReference; lastKnownFileType = sourcecode.swift; path = PageControl.swift; sourceTree = "<group>"; };
		02E9C76425A9912D002194AB /* Base */ = {isa = PBXFileReference; lastKnownFileType = file.storyboard; name = Base; path = Base.lproj/Interface.storyboard; sourceTree = "<group>"; };
		02E9C76825A99132002194AB /* Info.plist */ = {isa = PBXFileReference; lastKnownFileType = text.plist.xml; path = Info.plist; sourceTree = "<group>"; };
		02E9C77225A99132002194AB /* ContentView.swift */ = {isa = PBXFileReference; lastKnownFileType = sourcecode.swift; path = ContentView.swift; sourceTree = "<group>"; };
		02E9C77425A99132002194AB /* HostingController.swift */ = {isa = PBXFileReference; lastKnownFileType = sourcecode.swift; path = HostingController.swift; sourceTree = "<group>"; };
		02E9C77625A99132002194AB /* ExtensionDelegate.swift */ = {isa = PBXFileReference; lastKnownFileType = sourcecode.swift; path = ExtensionDelegate.swift; sourceTree = "<group>"; };
		02E9C77825A99132002194AB /* NotificationController.swift */ = {isa = PBXFileReference; lastKnownFileType = sourcecode.swift; path = NotificationController.swift; sourceTree = "<group>"; };
		02E9C77A25A99132002194AB /* NotificationView.swift */ = {isa = PBXFileReference; lastKnownFileType = sourcecode.swift; path = NotificationView.swift; sourceTree = "<group>"; };
		02E9C77F25A99133002194AB /* Preview Assets.xcassets */ = {isa = PBXFileReference; lastKnownFileType = folder.assetcatalog; path = "Preview Assets.xcassets"; sourceTree = "<group>"; };
		02E9C78125A99133002194AB /* Info.plist */ = {isa = PBXFileReference; lastKnownFileType = text.plist.xml; path = Info.plist; sourceTree = "<group>"; };
		02E9C78225A99133002194AB /* PushNotificationPayload.apns */ = {isa = PBXFileReference; lastKnownFileType = text; path = PushNotificationPayload.apns; sourceTree = "<group>"; };
/* End PBXFileReference section */

/* Begin PBXFrameworksBuildPhase section */
		0297905D246A211300603120 /* Frameworks */ = {
			isa = PBXFrameworksBuildPhase;
			buildActionMask = 2147483647;
			files = (
			);
			runOnlyForDeploymentPostprocessing = 0;
		};
		02979073246A211700603120 /* Frameworks */ = {
			isa = PBXFrameworksBuildPhase;
			buildActionMask = 2147483647;
			files = (
			);
			runOnlyForDeploymentPostprocessing = 0;
		};
/* End PBXFrameworksBuildPhase section */

/* Begin PBXGroup section */
		02415CD9259EFDD100A1B352 /* Views */ = {
			isa = PBXGroup;
			children = (
				02E9C75625A82993002194AB /* PageView */,
				02E9C74D25A73F13002194AB /* Profiles */,
				02E9C74425A6F4F6002194AB /* Categories */,
				02E9C73B25A6D917002194AB /* Hikes */,
				02979067246A211300603120 /* ContentView.swift */,
				024FC65E25A06D130070AA34 /* Badges */,
				024FC65225A04BB70070AA34 /* Landmarks */,
				024FC65325A04BC20070AA34 /* Helpers */,
			);
			path = Views;
			sourceTree = "<group>";
		};
		02415CDA259EFDFD00A1B352 /* Model */ = {
			isa = PBXGroup;
			children = (
				02E9C73925A6D77D002194AB /* Hike.swift */,
				023384BB259EF635001727B0 /* Landmark.swift */,
				02415CD7259EF8F700A1B352 /* ModelData.swift */,
				02E9C74B25A73D57002194AB /* Profile.swift */,
			);
			path = Model;
			sourceTree = "<group>";
		};
		02415CDB259EFE2800A1B352 /* Resources */ = {
			isa = PBXGroup;
			children = (
				02E9C73725A6D742002194AB /* hikeData.json */,
				023384B9259EF5FE001727B0 /* landmarkData.json */,
			);
			path = Resources;
			sourceTree = "<group>";
		};
		024FC65225A04BB70070AA34 /* Landmarks */ = {
			isa = PBXGroup;
			children = (
				02415CDC259F0FD000A1B352 /* LandmarkRow.swift */,
				02C4F66C259F151B0081DBE6 /* LandmarkList.swift */,
				02C4F66E259F18DF0081DBE6 /* LandmarkDetail.swift */,
			);
			path = Landmarks;
			sourceTree = "<group>";
		};
		024FC65325A04BC20070AA34 /* Helpers */ = {
			isa = PBXGroup;
			children = (
				023384B5259EE7B7001727B0 /* CircleImage.swift */,
				023384B7259EE943001727B0 /* MapView.swift */,
				024FC65025A048170070AA34 /* FavoriteButton.swift */,
			);
			path = Helpers;
			sourceTree = "<group>";
		};
		024FC65E25A06D130070AA34 /* Badges */ = {
			isa = PBXGroup;
			children = (
				024FC65425A056B30070AA34 /* HexagonParameters.swift */,
				024FC65625A058C20070AA34 /* BadgeBackground.swift */,
				024FC65825A066B70070AA34 /* BadgeSymbol.swift */,
				024FC65A25A068C00070AA34 /* RotatedBadgeSymbol.swift */,
				024FC65C25A06AA70070AA34 /* Badge.swift */,
			);
			path = Badges;
			sourceTree = "<group>";
		};
		02979057246A211300603120 = {
			isa = PBXGroup;
			children = (
				02979062246A211300603120 /* Landmarks */,
				02979079246A211700603120 /* LandmarksUITests */,
				02E9C76225A9912D002194AB /* WatchLandmarks */,
				02E9C77125A99132002194AB /* WatchLandmarks Extension */,
				02979061246A211300603120 /* Products */,
			);
			sourceTree = "<group>";
		};
		02979061246A211300603120 /* Products */ = {
			isa = PBXGroup;
			children = (
				02979060246A211300603120 /* Landmarks.app */,
				02979076246A211700603120 /* LandmarksUITests.xctest */,
			);
			name = Products;
			sourceTree = "<group>";
		};
		02979062246A211300603120 /* Landmarks */ = {
			isa = PBXGroup;
			children = (
				02415CD9259EFDD100A1B352 /* Views */,
				02415CDB259EFE2800A1B352 /* Resources */,
				02415CDA259EFDFD00A1B352 /* Model */,
				02979063246A211300603120 /* AppDelegate.swift */,
				02979065246A211300603120 /* SceneDelegate.swift */,
				02979069246A211700603120 /* Assets.xcassets */,
				0297906E246A211700603120 /* LaunchScreen.storyboard */,
				02979071246A211700603120 /* Info.plist */,
				0297906B246A211700603120 /* Preview Content */,
			);
			path = Landmarks;
			sourceTree = "<group>";
		};
		0297906B246A211700603120 /* Preview Content */ = {
			isa = PBXGroup;
			children = (
				0297906C246A211700603120 /* Preview Assets.xcassets */,
			);
			path = "Preview Content";
			sourceTree = "<group>";
		};
		02979079246A211700603120 /* LandmarksUITests */ = {
			isa = PBXGroup;
			children = (
				0297907A246A211700603120 /* LandmarksUITests.swift */,
				0297907C246A211700603120 /* Info.plist */,
			);
			path = LandmarksUITests;
			sourceTree = "<group>";
		};
		02E9C73B25A6D917002194AB /* Hikes */ = {
			isa = PBXGroup;
			children = (
				02E9C73C25A6D917002194AB /* GraphCapsule.swift */,
				02E9C73D25A6D917002194AB /* HikeGraph.swift */,
				02E9C73E25A6D917002194AB /* HikeDetail.swift */,
				02E9C73F25A6D917002194AB /* HikeView.swift */,
				02E9C75225A747BA002194AB /* HikeBadge.swift */,
			);
			path = Hikes;
			sourceTree = "<group>";
		};
		02E9C74425A6F4F6002194AB /* Categories */ = {
			isa = PBXGroup;
			children = (
				02E9C74525A6F528002194AB /* CategoryHome.swift */,
				02E9C74725A6FBAE002194AB /* CategoryRow.swift */,
				02E9C74925A701C0002194AB /* CategoryItem.swift */,
			);
			path = Categories;
			sourceTree = "<group>";
		};
		02E9C74D25A73F13002194AB /* Profiles */ = {
			isa = PBXGroup;
			children = (
				02E9C74E25A73F79002194AB /* ProfileHost.swift */,
				02E9C75025A74093002194AB /* ProfileSummary.swift */,
				02E9C75425A804FA002194AB /* ProfileEditor.swift */,
			);
			path = Profiles;
			sourceTree = "<group>";
		};
		02E9C75625A82993002194AB /* PageView */ = {
			isa = PBXGroup;
			children = (
				02E9C75725A829D2002194AB /* PageViewController.swift */,
				02E9C75925A83123002194AB /* FeatureCard.swift */,
				02E9C75B25A842ED002194AB /* PageView.swift */,
				02E9C75D25A854A0002194AB /* PageControl.swift */,
			);
			path = PageView;
			sourceTree = "<group>";
		};
		02E9C76225A9912D002194AB /* WatchLandmarks */ = {
			isa = PBXGroup;
			children = (
				02E9C76325A9912D002194AB /* Interface.storyboard */,
				02E9C76825A99132002194AB /* Info.plist */,
			);
			path = WatchLandmarks;
			sourceTree = "<group>";
		};
		02E9C77125A99132002194AB /* WatchLandmarks Extension */ = {
			isa = PBXGroup;
			children = (
				02E9C77225A99132002194AB /* ContentView.swift */,
				02E9C77425A99132002194AB /* HostingController.swift */,
				02E9C77625A99132002194AB /* ExtensionDelegate.swift */,
				02E9C77825A99132002194AB /* NotificationController.swift */,
				02E9C77A25A99132002194AB /* NotificationView.swift */,
				02E9C78125A99133002194AB /* Info.plist */,
				02E9C78225A99133002194AB /* PushNotificationPayload.apns */,
				02E9C77E25A99133002194AB /* Preview Content */,
			);
			path = "WatchLandmarks Extension";
			sourceTree = "<group>";
		};
		02E9C77E25A99133002194AB /* Preview Content */ = {
			isa = PBXGroup;
			children = (
				02E9C77F25A99133002194AB /* Preview Assets.xcassets */,
			);
			path = "Preview Content";
			sourceTree = "<group>";
		};
/* End PBXGroup section */

/* Begin PBXNativeTarget section */
		0297905F246A211300603120 /* Landmarks */ = {
			isa = PBXNativeTarget;
			buildConfigurationList = 0297907F246A211700603120 /* Build configuration list for PBXNativeTarget "Landmarks" */;
			buildPhases = (
				0297905C246A211300603120 /* Sources */,
				0297905D246A211300603120 /* Frameworks */,
				0297905E246A211300603120 /* Resources */,
				02E9C78D25A99133002194AB /* Embed Watch Content */,
			);
			buildRules = (
			);
			dependencies = (
			);
			name = Landmarks;
			productName = Landmarks;
			productReference = 02979060246A211300603120 /* Landmarks.app */;
			productType = "com.apple.product-type.application";
		};
		02979075246A211700603120 /* LandmarksUITests */ = {
			isa = PBXNativeTarget;
			buildConfigurationList = 02979082246A211700603120 /* Build configuration list for PBXNativeTarget "LandmarksUITests" */;
			buildPhases = (
				02979072246A211700603120 /* Sources */,
				02979073246A211700603120 /* Frameworks */,
				02979074246A211700603120 /* Resources */,
			);
			buildRules = (
			);
			dependencies = (
				02979078246A211700603120 /* PBXTargetDependency */,
			);
			name = LandmarksUITests;
			productName = LandmarksUITests;
			productReference = 02979076246A211700603120 /* LandmarksUITests.xctest */;
			productType = "com.apple.product-type.bundle.ui-testing";
		};
/* End PBXNativeTarget section */

/* Begin PBXProject section */
		02979058246A211300603120 /* Project object */ = {
			isa = PBXProject;
			attributes = {
				LastSwiftUpdateCheck = 1130;
				LastUpgradeCheck = 1130;
				ORGANIZATIONNAME = CDFMLR;
				TargetAttributes = {
					0297905F246A211300603120 = {
						CreatedOnToolsVersion = 11.3.1;
					};
					02979075246A211700603120 = {
						CreatedOnToolsVersion = 11.3.1;
						TestTargetID = 0297905F246A211300603120;
					};
				};
			};
			buildConfigurationList = 0297905B246A211300603120 /* Build configuration list for PBXProject "Landmarks" */;
			compatibilityVersion = "Xcode 9.3";
			developmentRegion = en;
			hasScannedForEncodings = 0;
			knownRegions = (
				en,
				Base,
			);
			mainGroup = 02979057246A211300603120;
			productRefGroup = 02979061246A211300603120 /* Products */;
			projectDirPath = "";
			projectRoot = "";
			targets = (
				0297905F246A211300603120 /* Landmarks */,
				02979075246A211700603120 /* LandmarksUITests */,
			);
		};
/* End PBXProject section */

/* Begin PBXResourcesBuildPhase section */
		0297905E246A211300603120 /* Resources */ = {
			isa = PBXResourcesBuildPhase;
			buildActionMask = 2147483647;
			files = (
				02979070246A211700603120 /* LaunchScreen.storyboard in Resources */,
				023384BA259EF5FE001727B0 /* landmarkData.json in Resources */,
				0297906D246A211700603120 /* Preview Assets.xcassets in Resources */,
				0297906A246A211700603120 /* Assets.xcassets in Resources */,
				02E9C73825A6D742002194AB /* hikeData.json in Resources */,
			);
			runOnlyForDeploymentPostprocessing = 0;
		};
		02979074246A211700603120 /* Resources */ = {
			isa = PBXResourcesBuildPhase;
			buildActionMask = 2147483647;
			files = (
			);
			runOnlyForDeploymentPostprocessing = 0;
		};
/* End PBXResourcesBuildPhase section */

/* Begin PBXSourcesBuildPhase section */
		0297905C246A211300603120 /* Sources */ = {
			isa = PBXSourcesBuildPhase;
			buildActionMask = 2147483647;
			files = (
				02E9C73A25A6D77D002194AB /* Hike.swift in Sources */,
				02E9C75C25A842ED002194AB /* PageView.swift in Sources */,
				024FC65525A056B30070AA34 /* HexagonParameters.swift in Sources */,
				02979064246A211300603120 /* AppDelegate.swift in Sources */,
				023384B6259EE7B7001727B0 /* CircleImage.swift in Sources */,
				02E9C74625A6F528002194AB /* CategoryHome.swift in Sources */,
				02E9C74F25A73F79002194AB /* ProfileHost.swift in Sources */,
				02E9C75325A747BA002194AB /* HikeBadge.swift in Sources */,
				02E9C75E25A854A0002194AB /* PageControl.swift in Sources */,
				02E9C74125A6D918002194AB /* HikeGraph.swift in Sources */,
				02E9C74825A6FBAE002194AB /* CategoryRow.swift in Sources */,
				023384B8259EE943001727B0 /* MapView.swift in Sources */,
				02E9C75A25A83123002194AB /* FeatureCard.swift in Sources */,
				02979066246A211300603120 /* SceneDelegate.swift in Sources */,
				02C4F66D259F151B0081DBE6 /* LandmarkList.swift in Sources */,
				02E9C75125A74093002194AB /* ProfileSummary.swift in Sources */,
				02E9C75525A804FA002194AB /* ProfileEditor.swift in Sources */,
				02E9C74A25A701C0002194AB /* CategoryItem.swift in Sources */,
				02979068246A211300603120 /* ContentView.swift in Sources */,
				024FC65925A066B70070AA34 /* BadgeSymbol.swift in Sources */,
				024FC65B25A068C00070AA34 /* RotatedBadgeSymbol.swift in Sources */,
				024FC65D25A06AA70070AA34 /* Badge.swift in Sources */,
				023384BC259EF635001727B0 /* Landmark.swift in Sources */,
				02E9C74C25A73D57002194AB /* Profile.swift in Sources */,
				02E9C75825A829D2002194AB /* PageViewController.swift in Sources */,
				024FC65725A058C20070AA34 /* BadgeBackground.swift in Sources */,
				02415CDD259F0FD000A1B352 /* LandmarkRow.swift in Sources */,
				02E9C74025A6D918002194AB /* GraphCapsule.swift in Sources */,
				02E9C74325A6D918002194AB /* HikeView.swift in Sources */,
				02C4F66F259F18DF0081DBE6 /* LandmarkDetail.swift in Sources */,
				024FC65125A048170070AA34 /* FavoriteButton.swift in Sources */,
				02415CD8259EF8F700A1B352 /* ModelData.swift in Sources */,
				02E9C74225A6D918002194AB /* HikeDetail.swift in Sources */,
			);
			runOnlyForDeploymentPostprocessing = 0;
		};
		02979072246A211700603120 /* Sources */ = {
			isa = PBXSourcesBuildPhase;
			buildActionMask = 2147483647;
			files = (
				0297907B246A211700603120 /* LandmarksUITests.swift in Sources */,
			);
			runOnlyForDeploymentPostprocessing = 0;
		};
/* End PBXSourcesBuildPhase section */

/* Begin PBXTargetDependency section */
		02979078246A211700603120 /* PBXTargetDependency */ = {
			isa = PBXTargetDependency;
			target = 0297905F246A211300603120 /* Landmarks */;
			targetProxy = 02979077246A211700603120 /* PBXContainerItemProxy */;
		};
/* End PBXTargetDependency section */

/* Begin PBXVariantGroup section */
		0297906E246A211700603120 /* LaunchScreen.storyboard */ = {
			isa = PBXVariantGroup;
			children = (
				0297906F246A211700603120 /* Base */,
			);
			name = LaunchScreen.storyboard;
			sourceTree = "<group>";
		};
		02E9C76325A9912D002194AB /* Interface.storyboard */ = {
			isa = PBXVariantGroup;
			children = (
				02E9C76425A9912D002194AB /* Base */,
			);
			name = Interface.storyboard;
			sourceTree = "<group>";
		};
/* End PBXVariantGroup section */

/* Begin XCBuildConfiguration section */
		0297907D246A211700603120 /* Debug */ = {
			isa = XCBuildConfiguration;
			buildSettings = {
				ALWAYS_SEARCH_USER_PATHS = NO;
				CLANG_ANALYZER_NONNULL = YES;
				CLANG_ANALYZER_NUMBER_OBJECT_CONVERSION = YES_AGGRESSIVE;
				CLANG_CXX_LANGUAGE_STANDARD = "gnu++14";
				CLANG_CXX_LIBRARY = "libc++";
				CLANG_ENABLE_MODULES = YES;
				CLANG_ENABLE_OBJC_ARC = YES;
				CLANG_ENABLE_OBJC_WEAK = YES;
				CLANG_WARN_BLOCK_CAPTURE_AUTORELEASING = YES;
				CLANG_WARN_BOOL_CONVERSION = YES;
				CLANG_WARN_COMMA = YES;
				CLANG_WARN_CONSTANT_CONVERSION = YES;
				CLANG_WARN_DEPRECATED_OBJC_IMPLEMENTATIONS = YES;
				CLANG_WARN_DIRECT_OBJC_ISA_USAGE = YES_ERROR;
				CLANG_WARN_DOCUMENTATION_COMMENTS = YES;
				CLANG_WARN_EMPTY_BODY = YES;
				CLANG_WARN_ENUM_CONVERSION = YES;
				CLANG_WARN_INFINITE_RECURSION = YES;
				CLANG_WARN_INT_CONVERSION = YES;
				CLANG_WARN_NON_LITERAL_NULL_CONVERSION = YES;
				CLANG_WARN_OBJC_IMPLICIT_RETAIN_SELF = YES;
				CLANG_WARN_OBJC_LITERAL_CONVERSION = YES;
				CLANG_WARN_OBJC_ROOT_CLASS = YES_ERROR;
				CLANG_WARN_RANGE_LOOP_ANALYSIS = YES;
				CLANG_WARN_STRICT_PROTOTYPES = YES;
				CLANG_WARN_SUSPICIOUS_MOVE = YES;
				CLANG_WARN_UNGUARDED_AVAILABILITY = YES_AGGRESSIVE;
				CLANG_WARN_UNREACHABLE_CODE = YES;
				CLANG_WARN__DUPLICATE_METHOD_MATCH = YES;
				COPY_PHASE_STRIP = NO;
				DEBUG_INFORMATION_FORMAT = dwarf;
				ENABLE_STRICT_OBJC_MSGSEND = YES;
				ENABLE_TESTABILITY = YES;
				GCC_C_LANGUAGE_STANDARD = gnu11;
				GCC_DYNAMIC_NO_PIC = NO;
				GCC_NO_COMMON_BLOCKS = YES;
				GCC_OPTIMIZATION_LEVEL = 0;
				GCC_PREPROCESSOR_DEFINITIONS = (
					"DEBUG=1",
					"$(inherited)",
				);
				GCC_WARN_64_TO_32_BIT_CONVERSION = YES;
				GCC_WARN_ABOUT_RETURN_TYPE = YES_ERROR;
				GCC_WARN_UNDECLARED_SELECTOR = YES;
				GCC_WARN_UNINITIALIZED_AUTOS = YES_AGGRESSIVE;
				GCC_WARN_UNUSED_FUNCTION = YES;
				GCC_WARN_UNUSED_VARIABLE = YES;
				IPHONEOS_DEPLOYMENT_TARGET = 13.2;
				MTL_ENABLE_DEBUG_INFO = INCLUDE_SOURCE;
				MTL_FAST_MATH = YES;
				ONLY_ACTIVE_ARCH = YES;
				SDKROOT = iphoneos;
				SWIFT_ACTIVE_COMPILATION_CONDITIONS = DEBUG;
				SWIFT_OPTIMIZATION_LEVEL = "-Onone";
			};
			name = Debug;
		};
		0297907E246A211700603120 /* Release */ = {
			isa = XCBuildConfiguration;
			buildSettings = {
				ALWAYS_SEARCH_USER_PATHS = NO;
				CLANG_ANALYZER_NONNULL = YES;
				CLANG_ANALYZER_NUMBER_OBJECT_CONVERSION = YES_AGGRESSIVE;
				CLANG_CXX_LANGUAGE_STANDARD = "gnu++14";
				CLANG_CXX_LIBRARY = "libc++";
				CLANG_ENABLE_MODULES = YES;
				CLANG_ENABLE_OBJC_ARC = YES;
				CLANG_ENABLE_OBJC_WEAK = YES;
				CLANG_WARN_BLOCK_CAPTURE_AUTORELEASING = YES;
				CLANG_WARN_BOOL_CONVERSION = YES;
				CLANG_WARN_COMMA = YES;
				CLANG_WARN_CONSTANT_CONVERSION = YES;
				CLANG_WARN_DEPRECATED_OBJC_IMPLEMENTATIONS = YES;
				CLANG_WARN_DIRECT_OBJC_ISA_USAGE = YES_ERROR;
				CLANG_WARN_DOCUMENTATION_COMMENTS = YES;
				CLANG_WARN_EMPTY_BODY = YES;
				CLANG_WARN_ENUM_CONVERSION = YES;
				CLANG_WARN_INFINITE_RECURSION = YES;
				CLANG_WARN_INT_CONVERSION = YES;
				CLANG_WARN_NON_LITERAL_NULL_CONVERSION = YES;
				CLANG_WARN_OBJC_IMPLICIT_RETAIN_SELF = YES;
				CLANG_WARN_OBJC_LITERAL_CONVERSION = YES;
				CLANG_WARN_OBJC_ROOT_CLASS = YES_ERROR;
				CLANG_WARN_RANGE_LOOP_ANALYSIS = YES;
				CLANG_WARN_STRICT_PROTOTYPES = YES;
				CLANG_WARN_SUSPICIOUS_MOVE = YES;
				CLANG_WARN_UNGUARDED_AVAILABILITY = YES_AGGRESSIVE;
				CLANG_WARN_UNREACHABLE_CODE = YES;
				CLANG_WARN__DUPLICATE_METHOD_MATCH = YES;
				COPY_PHASE_STRIP = NO;
				DEBUG_INFORMATION_FORMAT = "dwarf-with-dsym";
				ENABLE_NS_ASSERTIONS = NO;
				ENABLE_STRICT_OBJC_MSGSEND = YES;
				GCC_C_LANGUAGE_STANDARD = gnu11;
				GCC_NO_COMMON_BLOCKS = YES;
				GCC_WARN_64_TO_32_BIT_CONVERSION = YES;
				GCC_WARN_ABOUT_RETURN_TYPE = YES_ERROR;
				GCC_WARN_UNDECLARED_SELECTOR = YES;
				GCC_WARN_UNINITIALIZED_AUTOS = YES_AGGRESSIVE;
				GCC_WARN_UNUSED_FUNCTION = YES;
				GCC_WARN_UNUSED_VARIABLE = YES;
				IPHONEOS_DEPLOYMENT_TARGET = 13.2;
				MTL_ENABLE_DEBUG_INFO = NO;
				MTL_FAST_MATH = YES;
				SDKROOT = iphoneos;
				SWIFT_COMPILATION_MODE = wholemodule;
				SWIFT_OPTIMIZATION_LEVEL = "-O";
				VALIDATE_PRODUCT = YES;
			};
			name = Release;
		};
		02979080246A211700603120 /* Debug */ = {
			isa = XCBuildConfiguration;
			buildSettings = {
				ASSETCATALOG_COMPILER_APPICON_NAME = AppIcon;
				CODE_SIGN_STYLE = Automatic;
				DEVELOPMENT_ASSET_PATHS = "\"Landmarks/Preview Content\"";
				DEVELOPMENT_TEAM = 2A5KFVR4U9;
				ENABLE_PREVIEWS = YES;
				INFOPLIST_FILE = Landmarks/Info.plist;
				LD_RUNPATH_SEARCH_PATHS = (
					"$(inherited)",
					"@executable_path/Frameworks",
				);
				PRODUCT_BUNDLE_IDENTIFIER = pers.cdfmlr.Landmarks;
				PRODUCT_NAME = "$(TARGET_NAME)";
				SWIFT_VERSION = 5.0;
				TARGETED_DEVICE_FAMILY = "1,2";
			};
			name = Debug;
		};
		02979081246A211700603120 /* Release */ = {
			isa = XCBuildConfiguration;
			buildSettings = {
				ASSETCATALOG_COMPILER_APPICON_NAME = AppIcon;
				CODE_SIGN_STYLE = Automatic;
				DEVELOPMENT_ASSET_PATHS = "\"Landmarks/Preview Content\"";
				DEVELOPMENT_TEAM = 2A5KFVR4U9;
				ENABLE_PREVIEWS = YES;
				INFOPLIST_FILE = Landmarks/Info.plist;
				LD_RUNPATH_SEARCH_PATHS = (
					"$(inherited)",
					"@executable_path/Frameworks",
				);
				PRODUCT_BUNDLE_IDENTIFIER = pers.cdfmlr.Landmarks;
				PRODUCT_NAME = "$(TARGET_NAME)";
				SWIFT_VERSION = 5.0;
				TARGETED_DEVICE_FAMILY = "1,2";
			};
			name = Release;
		};
		02979083246A211700603120 /* Debug */ = {
			isa = XCBuildConfiguration;
			buildSettings = {
				ALWAYS_EMBED_SWIFT_STANDARD_LIBRARIES = YES;
				CODE_SIGN_STYLE = Automatic;
				DEVELOPMENT_TEAM = 2A5KFVR4U9;
				INFOPLIST_FILE = LandmarksUITests/Info.plist;
				LD_RUNPATH_SEARCH_PATHS = (
					"$(inherited)",
					"@executable_path/Frameworks",
					"@loader_path/Frameworks",
				);
				PRODUCT_BUNDLE_IDENTIFIER = pers.cdfmlr.LandmarksUITests;
				PRODUCT_NAME = "$(TARGET_NAME)";
				SWIFT_VERSION = 5.0;
				TARGETED_DEVICE_FAMILY = "1,2";
				TEST_TARGET_NAME = Landmarks;
			};
			name = Debug;
		};
		02979084246A211700603120 /* Release */ = {
			isa = XCBuildConfiguration;
			buildSettings = {
				ALWAYS_EMBED_SWIFT_STANDARD_LIBRARIES = YES;
				CODE_SIGN_STYLE = Automatic;
				DEVELOPMENT_TEAM = 2A5KFVR4U9;
				INFOPLIST_FILE = LandmarksUITests/Info.plist;
				LD_RUNPATH_SEARCH_PATHS = (
					"$(inherited)",
					"@executable_path/Frameworks",
					"@loader_path/Frameworks",
				);
				PRODUCT_BUNDLE_IDENTIFIER = pers.cdfmlr.LandmarksUITests;
				PRODUCT_NAME = "$(TARGET_NAME)";
				SWIFT_VERSION = 5.0;
				TARGETED_DEVICE_FAMILY = "1,2";
				TEST_TARGET_NAME = Landmarks;
			};
			name = Release;
		};
/* End XCBuildConfiguration section */

/* Begin XCConfigurationList section */
		0297905B246A211300603120 /* Build configuration list for PBXProject "Landmarks" */ = {
			isa = XCConfigurationList;
			buildConfigurations = (
				0297907D246A211700603120 /* Debug */,
				0297907E246A211700603120 /* Release */,
			);
			defaultConfigurationIsVisible = 0;
			defaultConfigurationName = Release;
		};
		0297907F246A211700603120 /* Build configuration list for PBXNativeTarget "Landmarks" */ = {
			isa = XCConfigurationList;
			buildConfigurations = (
				02979080246A211700603120 /* Debug */,
				02979081246A211700603120 /* Release */,
			);
			defaultConfigurationIsVisible = 0;
			defaultConfigurationName = Release;
		};
		02979082246A211700603120 /* Build configuration list for PBXNativeTarget "LandmarksUITests" */ = {
			isa = XCConfigurationList;
			buildConfigurations = (
				02979083246A211700603120 /* Debug */,
				02979084246A211700603120 /* Release */,
			);
			defaultConfigurationIsVisible = 0;
			defaultConfigurationName = Release;
		};
/* End XCConfigurationList section */
	};
	rootObject = 02979058246A211300603120 /* Project object */;
}
